
Microsoft Visual Studio Solution File, Format Version 12.00
# Visual Studio Version 16
VisualStudioVersion = 16.0.31129.286
MinimumVisualStudioVersion = 10.0.40219.1
Project("{FAE04EC0-301F-11D3-BF4B-00C04F79EFBC}") = "my-books", "my-books\my-books.csproj", "{2104E655-2969-4AEE-996A-8B02A0F78FA9}"
EndProject
Global
	GlobalSection(SolutionConfigurationPlatforms) = preSolution
		Debug|Any CPU = Debug|Any CPU
		Release|Any CPU = Release|Any CPU
	EndGlobalSection
	GlobalSection(ProjectConfigurationPlatforms) = postSolution
		{2104E655-2969-4AEE-996A-8B02A0F78FA9}.Debug|Any CPU.ActiveCfg = Debug|Any CPU
		{2104E655-2969-4AEE-996A-8B02A0F78FA9}.Debug|Any CPU.Build.0 = Debug|Any CPU
		{2104E655-2969-4AEE-996A-8B02A0F78FA9}.Release|Any CPU.ActiveCfg = Release|Any CPU
		{2104E655-2969-4AEE-996A-8B02A0F78FA9}.Release|Any CPU.Build.0 = Release|Any CPU
	EndGlobalSection
	GlobalSection(SolutionProperties) = preSolution
		HideSolutionNode = FALSE
	EndGlobalSection
	GlobalSection(ExtensibilityGlobals) = postSolution
		SolutionGuid = {0A1B0F5E-30C1-43D9-BA9C-84C0F4266509}
	EndGlobalSection
EndGlobal
